{
  "name": "typescript",
  "lockfileVersion": 3,
  "requires": true,
  "packages": {
    "": {
      "dependencies": {
        "@citizenfx/client": "^2.0.9572-1",
        "@citizenfx/server": "^2.0.9572-1",
        "@types/node": "^22.5.0"
      }
    },
    "node_modules/@citizenfx/client": {
      "version": "2.0.9572-1",
      "resolved": "https://registry.npmjs.org/@citizenfx/client/-/client-2.0.9572-1.tgz",
      "integrity": "sha512-M2hlyZz13w7/ts+UHh/1fg6BctewceHmBkO6zKpGA0Ij54mLU40zQQh7loobmCU2xTjyQpCkNbCwtujBSHZYkA==",
      "license": "ISC"
    },
    "node_modules/@citizenfx/server": {
      "version": "2.0.9572-1",
      "resolved": "https://registry.npmjs.org/@citizenfx/server/-/server-2.0.9572-1.tgz",
      "integrity": "sha512-QRqTsub6y+emHR2CgA1j/LkE/4kIDv2mUMtJWdPoT6AMJ9z6y5yF7ACa5bdNjh1NxPuGsgDKJP8BvEeRCY62rQ==",
      "license": "ISC"
    },
    "node_modules/@types/node": {
      "version": "22.5.0",
      "resolved": "https://registry.npmjs.org/@types/node/-/node-22.5.0.tgz",
      "integrity": "sha512-DkFrJOe+rfdHTqqMg0bSNlGlQ85hSoh2TPzZyhHsXnMtligRWpxUySiyw8FY14ITt24HVCiQPWxS3KO/QlGmWg==",
      "license": "MIT",
      "dependencies": {
        "undici-types": "~6.19.2"
      }
    },
    "node_modules/undici-types": {
      "version": "6.19.8",
      "resolved": "https://registry.npmjs.org/undici-types/-/undici-types-6.19.8.tgz",
      "integrity": "sha512-ve2KP6f/JnbPBFyobGHuerC9g1FYGn/F8n1LWTwNxCEzd6IfqTwUQcNXgEtmmQ6DlRrC1hrSrBnCZPokRrDHjw==",
      "license": "MIT"
    }
  }
}
